
Microsoft Visual Studio Solution File, Format Version 12.00
# Visual Studio Version 17
VisualStudioVersion = 17.5.33516.290
MinimumVisualStudioVersion = 10.0.40219.1
Project("{54A90642-561A-4BB1-A94E-469ADEE60C69}") = "Gerenciamento.Projetos", "Gerenciamento.Projetos.esproj", "{A6F50838-611B-40E3-A905-4642E54A2359}"
EndProject
Global
	GlobalSection(SolutionConfigurationPlatforms) = preSolution
		Debug|Any CPU = Debug|Any CPU
		Release|Any CPU = Release|Any CPU
	EndGlobalSection
	GlobalSection(ProjectConfigurationPlatforms) = postSolution
		{A6F50838-611B-40E3-A905-4642E54A2359}.Debug|Any CPU.ActiveCfg = Debug|Any CPU
		{A6F50838-611B-40E3-A905-4642E54A2359}.Debug|Any CPU.Build.0 = Debug|Any CPU
		{A6F50838-611B-40E3-A905-4642E54A2359}.Debug|Any CPU.Deploy.0 = Debug|Any CPU
		{A6F50838-611B-40E3-A905-4642E54A2359}.Release|Any CPU.ActiveCfg = Release|Any CPU
		{A6F50838-611B-40E3-A905-4642E54A2359}.Release|Any CPU.Build.0 = Release|Any CPU
		{A6F50838-611B-40E3-A905-4642E54A2359}.Release|Any CPU.Deploy.0 = Release|Any CPU
	EndGlobalSection
	GlobalSection(SolutionProperties) = preSolution
		HideSolutionNode = FALSE
	EndGlobalSection
	GlobalSection(ExtensibilityGlobals) = postSolution
		SolutionGuid = {785A1572-E0B9-4066-A906-5EBAF9C8CD32}
	EndGlobalSection
EndGlobal
